
Microsoft Visual Studio Solution File, Format Version 12.00
# Visual Studio 15
VisualStudioVersion = 15.0.25920.0
MinimumVisualStudioVersion = 10.0.40219.1
Project("{2150E333-8FDC-42A3-9474-1A3956D46DE8}") = "src", "src", "{1D9BA5E3-2C4A-43FB-B1E2-A0BE8CFC32FF}"
EndProject
Project("{FAE04EC0-301F-11D3-BF4B-00C04F79EFBC}") = "Editor", "src\Editor\Editor.csproj", "{DD13D8F5-2ABB-4C6E-B341-4F393494AE7A}"
EndProject
Global
	GlobalSection(SolutionConfigurationPlatforms) = preSolution
		Debug|Any CPU = Debug|Any CPU
		Release|Any CPU = Release|Any CPU
	EndGlobalSection
	GlobalSection(ProjectConfigurationPlatforms) = postSolution
		{DD13D8F5-2ABB-4C6E-B341-4F393494AE7A}.Debug|Any CPU.ActiveCfg = Debug|Any CPU
		{DD13D8F5-2ABB-4C6E-B341-4F393494AE7A}.Debug|Any CPU.Build.0 = Debug|Any CPU
		{DD13D8F5-2ABB-4C6E-B341-4F393494AE7A}.Release|Any CPU.ActiveCfg = Release|Any CPU
		{DD13D8F5-2ABB-4C6E-B341-4F393494AE7A}.Release|Any CPU.Build.0 = Release|Any CPU
	EndGlobalSection
	GlobalSection(SolutionProperties) = preSolution
		HideSolutionNode = FALSE
	EndGlobalSection
	GlobalSection(NestedProjects) = preSolution
		{DD13D8F5-2ABB-4C6E-B341-4F393494AE7A} = {1D9BA5E3-2C4A-43FB-B1E2-A0BE8CFC32FF}
	EndGlobalSection
EndGlobal
